PODS:
  - Flutter (1.0.0)
  - lcfarm_flutter_umeng (0.0.1):
    - Flutter
    - UMAPM
    - UMCCommon
    - UMDevice
  - UMAPM (1.1.0)
  - UMCCommon (7.2.5):
    - UMAPM
    - UMDevice
  - UMDevice (1.1.0)

DEPENDENCIES:
  - Flutter (from `.symlinks/flutter/ios`)
  - lcfarm_flutter_umeng (from `.symlinks/plugins/lcfarm_flutter_umeng/ios`)

SPEC REPOS:
  trunk:
    - UMAPM
    - UMCCommon
    - UMDevice

EXTERNAL SOURCES:
  Flutter:
    :path: ".symlinks/flutter/ios"
  lcfarm_flutter_umeng:
    :path: ".symlinks/plugins/lcfarm_flutter_umeng/ios"

SPEC CHECKSUMS:
  Flutter: 0e3d915762c693b495b44d77113d4970485de6ec
  lcfarm_flutter_umeng: bbb3fe37966b594176f6b460551796a9da5dbb89
  UMAPM: 2b966cff744dccdd9e2ed99efafce280be30833c
  UMCCommon: f7480d316381612f90cdde3a3c0f39a7e2c0a788
  UMDevice: 28d21a568c8e8322e5a03bbd53b138d0c098d3b3

PODFILE CHECKSUM: aff02bfeed411c636180d6812254b2daeea14d09

COCOAPODS: 1.10.0
